{
  "name": "shinryokucardgame",
  "version": "1.0.0",
  "lockfileVersion": 3,
  "requires": true,
  "packages": {
    "": {
      "name": "shinryokucardgame",
      "version": "1.0.0",
      "license": "ISC",
      "dependencies": {
        "tone": "^15.0.4"
      },
      "devDependencies": {}
    },
    "node_modules/@babel/runtime": {
      "version": "7.26.0",
      "resolved": "https://registry.npmjs.org/@babel/runtime/-/runtime-7.26.0.tgz",
      "integrity": "sha512-FDSOghenHTiToteC/QRlv2q3DhPZ/oOXTBoirfWNx1Cx3TMVcGWQtMMmQcSvb/JjpNeGzx8Pq/b4fKEJuWm1sw==",
      "license": "MIT",
      "dependencies": {
        "regenerator-runtime": "^0.14.0"
      },
      "engines": {
        "node": ">=6.9.0"
      }
    },
    "node_modules/automation-events": {
      "version": "7.1.4",
      "resolved": "https://registry.npmjs.org/automation-events/-/automation-events-7.1.4.tgz",
      "integrity": "sha512-KCkUSGBKlZz2DTnjzHLnPzlTayExlkeIrzIgq5OqZgwvZsmgSsyQOXv/L+r8P14yR69xfSnwL2FmmzSCzI9o/g==",
      "license": "MIT",
      "dependencies": {
        "@babel/runtime": "^7.26.0",
        "tslib": "^2.8.1"
      },
      "engines": {
        "node": ">=18.2.0"
      }
    },
    "node_modules/regenerator-runtime": {
      "version": "0.14.1",
      "resolved": "https://registry.npmjs.org/regenerator-runtime/-/regenerator-runtime-0.14.1.tgz",
      "integrity": "sha512-dYnhHh0nJoMfnkZs6GmmhFknAGRrLznOu5nc9ML+EJxGvrx6H7teuevqVqCuPcPK//3eDrrjQhehXVx9cnkGdw==",
      "license": "MIT"
    },
    "node_modules/standardized-audio-context": {
      "version": "25.3.77",
      "resolved": "https://registry.npmjs.org/standardized-audio-context/-/standardized-audio-context-25.3.77.tgz",
      "integrity": "sha512-Ki9zNz6pKcC5Pi+QPjPyVsD9GwJIJWgryji0XL9cAJXMGyn+dPOf6Qik1AHei0+UNVcc4BOCa0hWLBzlwqsW/A==",
      "license": "MIT",
      "dependencies": {
        "@babel/runtime": "^7.25.6",
        "automation-events": "^7.0.9",
        "tslib": "^2.7.0"
      }
    },
    "node_modules/tone": {
      "version": "15.0.4",
      "resolved": "https://registry.npmjs.org/tone/-/tone-15.0.4.tgz",
      "integrity": "sha512-Fr2xATgdkNhzwMZhrU0DXpkXQyambq73hjHRrBiC0Wkc6aPYRdmkySE9kRFAW878zgMiD+Lqvn/uNHt/7hbdnQ==",
      "license": "MIT",
      "dependencies": {
        "standardized-audio-context": "^25.3.70",
        "tslib": "^2.3.1"
      }
    },
    "node_modules/tslib": {
      "version": "2.8.1",
      "resolved": "https://registry.npmjs.org/tslib/-/tslib-2.8.1.tgz",
      "integrity": "sha512-oJFu94HQb+KVduSUQL7wnpmqnfmLsOA/nAh6b6EH0wCEoK0/mPeXU6c3wKDV83MkOuHPRHtSXKKU99IBazS/2w==",
      "license": "0BSD"
    }
  }
}
